
Microsoft Visual Studio Solution File, Format Version 12.00
# Visual Studio Version 17
VisualStudioVersion = 17.8.34322.80
MinimumVisualStudioVersion = 10.0.40219.1
Project("{FAE04EC0-301F-11D3-BF4B-00C04F79EFBC}") = "WebUserInterface", "WebUserInterface\WebUserInterface.csproj", "{04AF7405-E8A8-49B9-99AC-F2C8D1E2B363}"
EndProject
Global
	GlobalSection(SolutionConfigurationPlatforms) = preSolution
		Debug|Any CPU = Debug|Any CPU
		Release|Any CPU = Release|Any CPU
	EndGlobalSection
	GlobalSection(ProjectConfigurationPlatforms) = postSolution
		{04AF7405-E8A8-49B9-99AC-F2C8D1E2B363}.Debug|Any CPU.ActiveCfg = Debug|Any CPU
		{04AF7405-E8A8-49B9-99AC-F2C8D1E2B363}.Debug|Any CPU.Build.0 = Debug|Any CPU
		{04AF7405-E8A8-49B9-99AC-F2C8D1E2B363}.Release|Any CPU.ActiveCfg = Release|Any CPU
		{04AF7405-E8A8-49B9-99AC-F2C8D1E2B363}.Release|Any CPU.Build.0 = Release|Any CPU
	EndGlobalSection
	GlobalSection(SolutionProperties) = preSolution
		HideSolutionNode = FALSE
	EndGlobalSection
	GlobalSection(ExtensibilityGlobals) = postSolution
		SolutionGuid = {3EC4DDAE-8F16-4A90-8CFA-D6898E112AE7}
	EndGlobalSection
EndGlobal
